
Microsoft Visual Studio Solution File, Format Version 12.00
# Visual Studio Version 16
VisualStudioVersion = 16.0.30204.135
MinimumVisualStudioVersion = 10.0.40219.1
Project("{FAE04EC0-301F-11D3-BF4B-00C04F79EFBC}") = "MVC_DotNet_v2", "MVC_DotNet_v2\MVC_DotNet_v2.csproj", "{D59FD77A-8251-4A69-9438-0376C7BE4667}"
EndProject
Global
	GlobalSection(SolutionConfigurationPlatforms) = preSolution
		Debug|Any CPU = Debug|Any CPU
		Release|Any CPU = Release|Any CPU
	EndGlobalSection
	GlobalSection(ProjectConfigurationPlatforms) = postSolution
		{D59FD77A-8251-4A69-9438-0376C7BE4667}.Debug|Any CPU.ActiveCfg = Debug|Any CPU
		{D59FD77A-8251-4A69-9438-0376C7BE4667}.Debug|Any CPU.Build.0 = Debug|Any CPU
		{D59FD77A-8251-4A69-9438-0376C7BE4667}.Release|Any CPU.ActiveCfg = Release|Any CPU
		{D59FD77A-8251-4A69-9438-0376C7BE4667}.Release|Any CPU.Build.0 = Release|Any CPU
	EndGlobalSection
	GlobalSection(SolutionProperties) = preSolution
		HideSolutionNode = FALSE
	EndGlobalSection
	GlobalSection(ExtensibilityGlobals) = postSolution
		SolutionGuid = {4624537D-FA5B-4E2B-BC6C-0EE4364CDA06}
	EndGlobalSection
EndGlobal
